
Microsoft Visual Studio Solution File, Format Version 12.00
# Visual Studio 15
VisualStudioVersion = 15.0.28307.572
MinimumVisualStudioVersion = 10.0.40219.1
Project("{FAE04EC0-301F-11D3-BF4B-00C04F79EFBC}") = "Rolling_dice", "Rolling_dice\Rolling_dice.csproj", "{BFC70B07-71CA-43F4-AC9A-F24656DA4B1C}"
EndProject
Global
	GlobalSection(SolutionConfigurationPlatforms) = preSolution
		Debug|Any CPU = Debug|Any CPU
		Release|Any CPU = Release|Any CPU
	EndGlobalSection
	GlobalSection(ProjectConfigurationPlatforms) = postSolution
		{BFC70B07-71CA-43F4-AC9A-F24656DA4B1C}.Debug|Any CPU.ActiveCfg = Debug|Any CPU
		{BFC70B07-71CA-43F4-AC9A-F24656DA4B1C}.Debug|Any CPU.Build.0 = Debug|Any CPU
		{BFC70B07-71CA-43F4-AC9A-F24656DA4B1C}.Release|Any CPU.ActiveCfg = Release|Any CPU
		{BFC70B07-71CA-43F4-AC9A-F24656DA4B1C}.Release|Any CPU.Build.0 = Release|Any CPU
	EndGlobalSection
	GlobalSection(SolutionProperties) = preSolution
		HideSolutionNode = FALSE
	EndGlobalSection
	GlobalSection(ExtensibilityGlobals) = postSolution
		SolutionGuid = {7B853633-C4FB-4AE6-BCE1-D93465BF9194}
	EndGlobalSection
EndGlobal
